Microsoft Visual Studio Solution File, Format Version 12.00
# Visual Studio 14
Project("{8BC9CEB8-8B4A-11D0-8D11-00A0C91BC942}") = "ALL_BUILD", "ALL_BUILD.vcxproj", "{EFC9ED5B-7357-3B6B-841B-7FDBB446A8FA}"
	ProjectSection(ProjectDependencies) = postProject
		{2C4EE892-CC75-3D89-A274-2F1C68DC6E82} = {2C4EE892-CC75-3D89-A274-2F1C68DC6E82}
		{6E8353E6-76B1-3F38-97FA-4F4C8355CFC1} = {6E8353E6-76B1-3F38-97FA-4F4C8355CFC1}
		{08DFBDFC-368B-32B1-90B7-1B9E8EA1C84B} = {08DFBDFC-368B-32B1-90B7-1B9E8EA1C84B}
		{0886DC82-0E6F-3CBD-9B53-00394826851A} = {0886DC82-0E6F-3CBD-9B53-00394826851A}
		{FB03B30A-9DA7-3F87-BD42-37CEC501D3AC} = {FB03B30A-9DA7-3F87-BD42-37CEC501D3AC}
	EndProjectSection
EndProject
Project("{8BC9CEB8-8B4A-11D0-8D11-00A0C91BC942}") = "INSTALL", "INSTALL.vcxproj", "{718AF3A0-AEA8-3631-91E1-2A892983318F}"
	ProjectSection(ProjectDependencies) = postProject
		{EFC9ED5B-7357-3B6B-841B-7FDBB446A8FA} = {EFC9ED5B-7357-3B6B-841B-7FDBB446A8FA}
	EndProjectSection
EndProject
Project("{8BC9CEB8-8B4A-11D0-8D11-00A0C91BC942}") = "UpdateAssimpLibsDebugSymbolsAndDLLs", "UpdateAssimpLibsDebugSymbolsAndDLLs.vcxproj", "{F0383D81-1063-3F0D-8AC9-8BB2A87B9CE2}"
	ProjectSection(ProjectDependencies) = postProject
		{1D5958F4-A120-3858-96C1-DD065E27345E} = {1D5958F4-A120-3858-96C1-DD065E27345E}
	EndProjectSection
EndProject
Project("{8BC9CEB8-8B4A-11D0-8D11-00A0C91BC942}") = "ZERO_CHECK", "ZERO_CHECK.vcxproj", "{1D5958F4-A120-3858-96C1-DD065E27345E}"
	ProjectSection(ProjectDependencies) = postProject
	EndProjectSection
EndProject
Project("{8BC9CEB8-8B4A-11D0-8D11-00A0C91BC942}") = "assimp", "code\assimp.vcxproj", "{2C4EE892-CC75-3D89-A274-2F1C68DC6E82}"
	ProjectSection(ProjectDependencies) = postProject
		{1D5958F4-A120-3858-96C1-DD065E27345E} = {1D5958F4-A120-3858-96C1-DD065E27345E}
		{FB03B30A-9DA7-3F87-BD42-37CEC501D3AC} = {FB03B30A-9DA7-3F87-BD42-37CEC501D3AC}
	EndProjectSection
EndProject
Project("{8BC9CEB8-8B4A-11D0-8D11-00A0C91BC942}") = "assimp_cmd", "tools\assimp_cmd\assimp_cmd.vcxproj", "{6E8353E6-76B1-3F38-97FA-4F4C8355CFC1}"
	ProjectSection(ProjectDependencies) = postProject
		{1D5958F4-A120-3858-96C1-DD065E27345E} = {1D5958F4-A120-3858-96C1-DD065E27345E}
		{2C4EE892-CC75-3D89-A274-2F1C68DC6E82} = {2C4EE892-CC75-3D89-A274-2F1C68DC6E82}
		{FB03B30A-9DA7-3F87-BD42-37CEC501D3AC} = {FB03B30A-9DA7-3F87-BD42-37CEC501D3AC}
	EndProjectSection
EndProject
Project("{8BC9CEB8-8B4A-11D0-8D11-00A0C91BC942}") = "gtest", "test\gtest.vcxproj", "{08DFBDFC-368B-32B1-90B7-1B9E8EA1C84B}"
	ProjectSection(ProjectDependencies) = postProject
		{1D5958F4-A120-3858-96C1-DD065E27345E} = {1D5958F4-A120-3858-96C1-DD065E27345E}
	EndProjectSection
EndProject
Project("{8BC9CEB8-8B4A-11D0-8D11-00A0C91BC942}") = "uninstall", "uninstall.vcxproj", "{D4F06635-20A2-3FA6-8738-2DAD5A1B7261}"
	ProjectSection(ProjectDependencies) = postProject
		{1D5958F4-A120-3858-96C1-DD065E27345E} = {1D5958F4-A120-3858-96C1-DD065E27345E}
	EndProjectSection
EndProject
Project("{8BC9CEB8-8B4A-11D0-8D11-00A0C91BC942}") = "unit", "test\unit.vcxproj", "{0886DC82-0E6F-3CBD-9B53-00394826851A}"
	ProjectSection(ProjectDependencies) = postProject
		{1D5958F4-A120-3858-96C1-DD065E27345E} = {1D5958F4-A120-3858-96C1-DD065E27345E}
		{2C4EE892-CC75-3D89-A274-2F1C68DC6E82} = {2C4EE892-CC75-3D89-A274-2F1C68DC6E82}
		{08DFBDFC-368B-32B1-90B7-1B9E8EA1C84B} = {08DFBDFC-368B-32B1-90B7-1B9E8EA1C84B}
		{FB03B30A-9DA7-3F87-BD42-37CEC501D3AC} = {FB03B30A-9DA7-3F87-BD42-37CEC501D3AC}
	EndProjectSection
EndProject
Project("{8BC9CEB8-8B4A-11D0-8D11-00A0C91BC942}") = "zlibstatic", "contrib\zlib\zlibstatic.vcxproj", "{FB03B30A-9DA7-3F87-BD42-37CEC501D3AC}"
	ProjectSection(ProjectDependencies) = postProject
		{1D5958F4-A120-3858-96C1-DD065E27345E} = {1D5958F4-A120-3858-96C1-DD065E27345E}
	EndProjectSection
EndProject
Global
	GlobalSection(SolutionConfigurationPlatforms) = preSolution
		Debug|Win32 = Debug|Win32
		Release|Win32 = Release|Win32
		MinSizeRel|Win32 = MinSizeRel|Win32
		RelWithDebInfo|Win32 = RelWithDebInfo|Win32
	EndGlobalSection
	GlobalSection(ProjectConfigurationPlatforms) = postSolution
		{EFC9ED5B-7357-3B6B-841B-7FDBB446A8FA}.Debug|Win32.ActiveCfg = Debug|Win32
		{EFC9ED5B-7357-3B6B-841B-7FDBB446A8FA}.Debug|Win32.Build.0 = Debug|Win32
		{EFC9ED5B-7357-3B6B-841B-7FDBB446A8FA}.Release|Win32.ActiveCfg = Release|Win32
		{EFC9ED5B-7357-3B6B-841B-7FDBB446A8FA}.Release|Win32.Build.0 = Release|Win32
		{EFC9ED5B-7357-3B6B-841B-7FDBB446A8FA}.MinSizeRel|Win32.ActiveCfg = MinSizeRel|Win32
		{EFC9ED5B-7357-3B6B-841B-7FDBB446A8FA}.MinSizeRel|Win32.Build.0 = MinSizeRel|Win32
		{EFC9ED5B-7357-3B6B-841B-7FDBB446A8FA}.RelWithDebInfo|Win32.ActiveCfg = RelWithDebInfo|Win32
		{EFC9ED5B-7357-3B6B-841B-7FDBB446A8FA}.RelWithDebInfo|Win32.Build.0 = RelWithDebInfo|Win32
		{718AF3A0-AEA8-3631-91E1-2A892983318F}.Debug|Win32.ActiveCfg = Debug|Win32
		{718AF3A0-AEA8-3631-91E1-2A892983318F}.Release|Win32.ActiveCfg = Release|Win32
		{718AF3A0-AEA8-3631-91E1-2A892983318F}.MinSizeRel|Win32.ActiveCfg = MinSizeRel|Win32
		{718AF3A0-AEA8-3631-91E1-2A892983318F}.RelWithDebInfo|Win32.ActiveCfg = RelWithDebInfo|Win32
		{F0383D81-1063-3F0D-8AC9-8BB2A87B9CE2}.Debug|Win32.ActiveCfg = Debug|Win32
		{F0383D81-1063-3F0D-8AC9-8BB2A87B9CE2}.Release|Win32.ActiveCfg = Release|Win32
		{F0383D81-1063-3F0D-8AC9-8BB2A87B9CE2}.MinSizeRel|Win32.ActiveCfg = MinSizeRel|Win32
		{F0383D81-1063-3F0D-8AC9-8BB2A87B9CE2}.RelWithDebInfo|Win32.ActiveCfg = RelWithDebInfo|Win32
		{1D5958F4-A120-3858-96C1-DD065E27345E}.Debug|Win32.ActiveCfg = Debug|Win32
		{1D5958F4-A120-3858-96C1-DD065E27345E}.Debug|Win32.Build.0 = Debug|Win32
		{1D5958F4-A120-3858-96C1-DD065E27345E}.Release|Win32.ActiveCfg = Release|Win32
		{1D5958F4-A120-3858-96C1-DD065E27345E}.Release|Win32.Build.0 = Release|Win32
		{1D5958F4-A120-3858-96C1-DD065E27345E}.MinSizeRel|Win32.ActiveCfg = MinSizeRel|Win32
		{1D5958F4-A120-3858-96C1-DD065E27345E}.MinSizeRel|Win32.Build.0 = MinSizeRel|Win32
		{1D5958F4-A120-3858-96C1-DD065E27345E}.RelWithDebInfo|Win32.ActiveCfg = RelWithDebInfo|Win32
		{1D5958F4-A120-3858-96C1-DD065E27345E}.RelWithDebInfo|Win32.Build.0 = RelWithDebInfo|Win32
		{2C4EE892-CC75-3D89-A274-2F1C68DC6E82}.Debug|Win32.ActiveCfg = Debug|Win32
		{2C4EE892-CC75-3D89-A274-2F1C68DC6E82}.Debug|Win32.Build.0 = Debug|Win32
		{2C4EE892-CC75-3D89-A274-2F1C68DC6E82}.Release|Win32.ActiveCfg = Release|Win32
		{2C4EE892-CC75-3D89-A274-2F1C68DC6E82}.Release|Win32.Build.0 = Release|Win32
		{2C4EE892-CC75-3D89-A274-2F1C68DC6E82}.MinSizeRel|Win32.ActiveCfg = MinSizeRel|Win32
		{2C4EE892-CC75-3D89-A274-2F1C68DC6E82}.MinSizeRel|Win32.Build.0 = MinSizeRel|Win32
		{2C4EE892-CC75-3D89-A274-2F1C68DC6E82}.RelWithDebInfo|Win32.ActiveCfg = RelWithDebInfo|Win32
		{2C4EE892-CC75-3D89-A274-2F1C68DC6E82}.RelWithDebInfo|Win32.Build.0 = RelWithDebInfo|Win32
		{6E8353E6-76B1-3F38-97FA-4F4C8355CFC1}.Debug|Win32.ActiveCfg = Debug|Win32
		{6E8353E6-76B1-3F38-97FA-4F4C8355CFC1}.Debug|Win32.Build.0 = Debug|Win32
		{6E8353E6-76B1-3F38-97FA-4F4C8355CFC1}.Release|Win32.ActiveCfg = Release|Win32
		{6E8353E6-76B1-3F38-97FA-4F4C8355CFC1}.Release|Win32.Build.0 = Release|Win32
		{6E8353E6-76B1-3F38-97FA-4F4C8355CFC1}.MinSizeRel|Win32.ActiveCfg = MinSizeRel|Win32
		{6E8353E6-76B1-3F38-97FA-4F4C8355CFC1}.MinSizeRel|Win32.Build.0 = MinSizeRel|Win32
		{6E8353E6-76B1-3F38-97FA-4F4C8355CFC1}.RelWithDebInfo|Win32.ActiveCfg = RelWithDebInfo|Win32
		{6E8353E6-76B1-3F38-97FA-4F4C8355CFC1}.RelWithDebInfo|Win32.Build.0 = RelWithDebInfo|Win32
		{08DFBDFC-368B-32B1-90B7-1B9E8EA1C84B}.Debug|Win32.ActiveCfg = Debug|Win32
		{08DFBDFC-368B-32B1-90B7-1B9E8EA1C84B}.Debug|Win32.Build.0 = Debug|Win32
		{08DFBDFC-368B-32B1-90B7-1B9E8EA1C84B}.Release|Win32.ActiveCfg = Release|Win32
		{08DFBDFC-368B-32B1-90B7-1B9E8EA1C84B}.Release|Win32.Build.0 = Release|Win32
		{08DFBDFC-368B-32B1-90B7-1B9E8EA1C84B}.MinSizeRel|Win32.ActiveCfg = MinSizeRel|Win32
		{08DFBDFC-368B-32B1-90B7-1B9E8EA1C84B}.MinSizeRel|Win32.Build.0 = MinSizeRel|Win32
		{08DFBDFC-368B-32B1-90B7-1B9E8EA1C84B}.RelWithDebInfo|Win32.ActiveCfg = RelWithDebInfo|Win32
		{08DFBDFC-368B-32B1-90B7-1B9E8EA1C84B}.RelWithDebInfo|Win32.Build.0 = RelWithDebInfo|Win32
		{D4F06635-20A2-3FA6-8738-2DAD5A1B7261}.Debug|Win32.ActiveCfg = Debug|Win32
		{D4F06635-20A2-3FA6-8738-2DAD5A1B7261}.Release|Win32.ActiveCfg = Release|Win32
		{D4F06635-20A2-3FA6-8738-2DAD5A1B7261}.MinSizeRel|Win32.ActiveCfg = MinSizeRel|Win32
		{D4F06635-20A2-3FA6-8738-2DAD5A1B7261}.RelWithDebInfo|Win32.ActiveCfg = RelWithDebInfo|Win32
		{0886DC82-0E6F-3CBD-9B53-00394826851A}.Debug|Win32.ActiveCfg = Debug|Win32
		{0886DC82-0E6F-3CBD-9B53-00394826851A}.Debug|Win32.Build.0 = Debug|Win32
		{0886DC82-0E6F-3CBD-9B53-00394826851A}.Release|Win32.ActiveCfg = Release|Win32
		{0886DC82-0E6F-3CBD-9B53-00394826851A}.Release|Win32.Build.0 = Release|Win32
		{0886DC82-0E6F-3CBD-9B53-00394826851A}.MinSizeRel|Win32.ActiveCfg = MinSizeRel|Win32
		{0886DC82-0E6F-3CBD-9B53-00394826851A}.MinSizeRel|Win32.Build.0 = MinSizeRel|Win32
		{0886DC82-0E6F-3CBD-9B53-00394826851A}.RelWithDebInfo|Win32.ActiveCfg = RelWithDebInfo|Win32
		{0886DC82-0E6F-3CBD-9B53-00394826851A}.RelWithDebInfo|Win32.Build.0 = RelWithDebInfo|Win32
		{FB03B30A-9DA7-3F87-BD42-37CEC501D3AC}.Debug|Win32.ActiveCfg = Debug|Win32
		{FB03B30A-9DA7-3F87-BD42-37CEC501D3AC}.Debug|Win32.Build.0 = Debug|Win32
		{FB03B30A-9DA7-3F87-BD42-37CEC501D3AC}.Release|Win32.ActiveCfg = Release|Win32
		{FB03B30A-9DA7-3F87-BD42-37CEC501D3AC}.Release|Win32.Build.0 = Release|Win32
		{FB03B30A-9DA7-3F87-BD42-37CEC501D3AC}.MinSizeRel|Win32.ActiveCfg = MinSizeRel|Win32
		{FB03B30A-9DA7-3F87-BD42-37CEC501D3AC}.MinSizeRel|Win32.Build.0 = MinSizeRel|Win32
		{FB03B30A-9DA7-3F87-BD42-37CEC501D3AC}.RelWithDebInfo|Win32.ActiveCfg = RelWithDebInfo|Win32
		{FB03B30A-9DA7-3F87-BD42-37CEC501D3AC}.RelWithDebInfo|Win32.Build.0 = RelWithDebInfo|Win32
	EndGlobalSection
	GlobalSection(ExtensibilityGlobals) = postSolution
	EndGlobalSection
	GlobalSection(ExtensibilityAddIns) = postSolution
	EndGlobalSection
EndGlobal
