<?xml version="1.0" encoding="UTF-8"?>
<Project ToolsVersion="14.0" xmlns="http://schemas.microsoft.com/developer/msbuild/2003">
  <ItemGroup>
    <CustomBuild Include="C:\Users\Bekwnn2\Documents\csc-directed-study-rendering\Project\Dependency\assimp\test\CMakeLists.txt" />
    <CustomBuild Include="C:\Users\Bekwnn2\Documents\csc-directed-study-rendering\Project\Dependency\assimp\CMakeFiles\8f052ea77d1a1d4419472e24994c7609\gtest-mkdir.rule">
      <Filter>CMake Rules</Filter>
    </CustomBuild>
    <CustomBuild Include="C:\Users\Bekwnn2\Documents\csc-directed-study-rendering\Project\Dependency\assimp\CMakeFiles\8f052ea77d1a1d4419472e24994c7609\gtest-download.rule">
      <Filter>CMake Rules</Filter>
    </CustomBuild>
    <CustomBuild Include="C:\Users\Bekwnn2\Documents\csc-directed-study-rendering\Project\Dependency\assimp\CMakeFiles\8f052ea77d1a1d4419472e24994c7609\gtest-update.rule">
      <Filter>CMake Rules</Filter>
    </CustomBuild>
    <CustomBuild Include="C:\Users\Bekwnn2\Documents\csc-directed-study-rendering\Project\Dependency\assimp\CMakeFiles\8f052ea77d1a1d4419472e24994c7609\gtest-patch.rule">
      <Filter>CMake Rules</Filter>
    </CustomBuild>
    <CustomBuild Include="C:\Users\Bekwnn2\Documents\csc-directed-study-rendering\Project\Dependency\assimp\CMakeFiles\8f052ea77d1a1d4419472e24994c7609\gtest-configure.rule">
      <Filter>CMake Rules</Filter>
    </CustomBuild>
    <CustomBuild Include="C:\Users\Bekwnn2\Documents\csc-directed-study-rendering\Project\Dependency\assimp\CMakeFiles\8f052ea77d1a1d4419472e24994c7609\gtest-build.rule">
      <Filter>CMake Rules</Filter>
    </CustomBuild>
    <CustomBuild Include="C:\Users\Bekwnn2\Documents\csc-directed-study-rendering\Project\Dependency\assimp\CMakeFiles\8f052ea77d1a1d4419472e24994c7609\gtest-install.rule">
      <Filter>CMake Rules</Filter>
    </CustomBuild>
    <CustomBuild Include="C:\Users\Bekwnn2\Documents\csc-directed-study-rendering\Project\Dependency\assimp\CMakeFiles\640b9257b3ff737c5c3fb35eca63fed1\gtest-complete.rule">
      <Filter>CMake Rules</Filter>
    </CustomBuild>
    <CustomBuild Include="C:\Users\Bekwnn2\Documents\csc-directed-study-rendering\Project\Dependency\assimp\CMakeFiles\8ec598c4e927b56d39df83509d71aa0d\gtest.rule">
      <Filter>CMake Rules</Filter>
    </CustomBuild>
  </ItemGroup>
  <ItemGroup>
    <None Include="C:\Users\Bekwnn2\Documents\csc-directed-study-rendering\Project\Dependency\assimp\test\CMakeFiles\gtest" />
  </ItemGroup>
  <ItemGroup>
    <Filter Include="CMake Rules">
      <UniqueIdentifier>{E4748A3E-1AEF-3642-8868-70FA396A9CBA}</UniqueIdentifier>
    </Filter>
  </ItemGroup>
</Project>
