<?xml version="1.0" encoding="UTF-8"?>
<Project ToolsVersion="14.0" xmlns="http://schemas.microsoft.com/developer/msbuild/2003">
  <ItemGroup>
    <ClCompile Include="C:\Users\Bekwnn2\Documents\csc-directed-study-rendering\Project\Dependency\assimp\test\unit\CCompilerTest.c">
      <Filter>unit</Filter>
    </ClCompile>
    <ClCompile Include="C:\Users\Bekwnn2\Documents\csc-directed-study-rendering\Project\Dependency\assimp\test\unit\Main.cpp">
      <Filter>Source Files</Filter>
    </ClCompile>
    <ClCompile Include="C:\Users\Bekwnn2\Documents\csc-directed-study-rendering\Project\Dependency\assimp\code\Version.cpp">
      <Filter>Source Files</Filter>
    </ClCompile>
    <ClCompile Include="C:\Users\Bekwnn2\Documents\csc-directed-study-rendering\Project\Dependency\assimp\test\unit\AssimpAPITest.cpp">
      <Filter>tests</Filter>
    </ClCompile>
    <ClCompile Include="C:\Users\Bekwnn2\Documents\csc-directed-study-rendering\Project\Dependency\assimp\test\unit\utBlendImportAreaLight.cpp">
      <Filter>tests</Filter>
    </ClCompile>
    <ClCompile Include="C:\Users\Bekwnn2\Documents\csc-directed-study-rendering\Project\Dependency\assimp\test\unit\utBlendImportMaterials.cpp">
      <Filter>tests</Filter>
    </ClCompile>
    <ClCompile Include="C:\Users\Bekwnn2\Documents\csc-directed-study-rendering\Project\Dependency\assimp\test\unit\utColladaExportCamera.cpp">
      <Filter>tests</Filter>
    </ClCompile>
    <ClCompile Include="C:\Users\Bekwnn2\Documents\csc-directed-study-rendering\Project\Dependency\assimp\test\unit\utColladaExportLight.cpp">
      <Filter>tests</Filter>
    </ClCompile>
    <ClCompile Include="C:\Users\Bekwnn2\Documents\csc-directed-study-rendering\Project\Dependency\assimp\test\unit\utFastAtof.cpp">
      <Filter>tests</Filter>
    </ClCompile>
    <ClCompile Include="C:\Users\Bekwnn2\Documents\csc-directed-study-rendering\Project\Dependency\assimp\test\unit\utFindDegenerates.cpp">
      <Filter>tests</Filter>
    </ClCompile>
    <ClCompile Include="C:\Users\Bekwnn2\Documents\csc-directed-study-rendering\Project\Dependency\assimp\test\unit\utFindInvalidData.cpp">
      <Filter>tests</Filter>
    </ClCompile>
    <ClCompile Include="C:\Users\Bekwnn2\Documents\csc-directed-study-rendering\Project\Dependency\assimp\test\unit\utFixInfacingNormals.cpp">
      <Filter>tests</Filter>
    </ClCompile>
    <ClCompile Include="C:\Users\Bekwnn2\Documents\csc-directed-study-rendering\Project\Dependency\assimp\test\unit\utGenNormals.cpp">
      <Filter>tests</Filter>
    </ClCompile>
    <ClCompile Include="C:\Users\Bekwnn2\Documents\csc-directed-study-rendering\Project\Dependency\assimp\test\unit\utImporter.cpp">
      <Filter>tests</Filter>
    </ClCompile>
    <ClCompile Include="C:\Users\Bekwnn2\Documents\csc-directed-study-rendering\Project\Dependency\assimp\test\unit\utImproveCacheLocality.cpp">
      <Filter>tests</Filter>
    </ClCompile>
    <ClCompile Include="C:\Users\Bekwnn2\Documents\csc-directed-study-rendering\Project\Dependency\assimp\test\unit\utIOSystem.cpp">
      <Filter>tests</Filter>
    </ClCompile>
    <ClCompile Include="C:\Users\Bekwnn2\Documents\csc-directed-study-rendering\Project\Dependency\assimp\test\unit\utIssues.cpp">
      <Filter>tests</Filter>
    </ClCompile>
    <ClCompile Include="C:\Users\Bekwnn2\Documents\csc-directed-study-rendering\Project\Dependency\assimp\test\unit\utJoinVertices.cpp">
      <Filter>tests</Filter>
    </ClCompile>
    <ClCompile Include="C:\Users\Bekwnn2\Documents\csc-directed-study-rendering\Project\Dependency\assimp\test\unit\utLimitBoneWeights.cpp">
      <Filter>tests</Filter>
    </ClCompile>
    <ClCompile Include="C:\Users\Bekwnn2\Documents\csc-directed-study-rendering\Project\Dependency\assimp\test\unit\utMaterialSystem.cpp">
      <Filter>tests</Filter>
    </ClCompile>
    <ClCompile Include="C:\Users\Bekwnn2\Documents\csc-directed-study-rendering\Project\Dependency\assimp\test\unit\utMatrix3x3.cpp">
      <Filter>tests</Filter>
    </ClCompile>
    <ClCompile Include="C:\Users\Bekwnn2\Documents\csc-directed-study-rendering\Project\Dependency\assimp\test\unit\utMatrix4x4.cpp">
      <Filter>tests</Filter>
    </ClCompile>
    <ClCompile Include="C:\Users\Bekwnn2\Documents\csc-directed-study-rendering\Project\Dependency\assimp\test\unit\utPretransformVertices.cpp">
      <Filter>tests</Filter>
    </ClCompile>
    <ClCompile Include="C:\Users\Bekwnn2\Documents\csc-directed-study-rendering\Project\Dependency\assimp\test\unit\utRemoveComments.cpp">
      <Filter>tests</Filter>
    </ClCompile>
    <ClCompile Include="C:\Users\Bekwnn2\Documents\csc-directed-study-rendering\Project\Dependency\assimp\test\unit\utRemoveComponent.cpp">
      <Filter>tests</Filter>
    </ClCompile>
    <ClCompile Include="C:\Users\Bekwnn2\Documents\csc-directed-study-rendering\Project\Dependency\assimp\test\unit\utRemoveRedundantMaterials.cpp">
      <Filter>tests</Filter>
    </ClCompile>
    <ClCompile Include="C:\Users\Bekwnn2\Documents\csc-directed-study-rendering\Project\Dependency\assimp\test\unit\utScenePreprocessor.cpp">
      <Filter>tests</Filter>
    </ClCompile>
    <ClCompile Include="C:\Users\Bekwnn2\Documents\csc-directed-study-rendering\Project\Dependency\assimp\test\unit\utSharedPPData.cpp">
      <Filter>tests</Filter>
    </ClCompile>
    <ClCompile Include="C:\Users\Bekwnn2\Documents\csc-directed-study-rendering\Project\Dependency\assimp\test\unit\utSortByPType.cpp">
      <Filter>tests</Filter>
    </ClCompile>
    <ClCompile Include="C:\Users\Bekwnn2\Documents\csc-directed-study-rendering\Project\Dependency\assimp\test\unit\utSplitLargeMeshes.cpp">
      <Filter>tests</Filter>
    </ClCompile>
    <ClCompile Include="C:\Users\Bekwnn2\Documents\csc-directed-study-rendering\Project\Dependency\assimp\test\unit\utTargetAnimation.cpp">
      <Filter>tests</Filter>
    </ClCompile>
    <ClCompile Include="C:\Users\Bekwnn2\Documents\csc-directed-study-rendering\Project\Dependency\assimp\test\unit\utTextureTransform.cpp">
      <Filter>tests</Filter>
    </ClCompile>
    <ClCompile Include="C:\Users\Bekwnn2\Documents\csc-directed-study-rendering\Project\Dependency\assimp\test\unit\utTriangulate.cpp">
      <Filter>tests</Filter>
    </ClCompile>
    <ClCompile Include="C:\Users\Bekwnn2\Documents\csc-directed-study-rendering\Project\Dependency\assimp\test\unit\utVertexTriangleAdjacency.cpp">
      <Filter>tests</Filter>
    </ClCompile>
  </ItemGroup>
  <ItemGroup>
    <CustomBuild Include="C:\Users\Bekwnn2\Documents\csc-directed-study-rendering\Project\Dependency\assimp\test\CMakeLists.txt" />
  </ItemGroup>
  <ItemGroup>
    <Filter Include="Source Files">
      <UniqueIdentifier>{DBDF6ACE-512B-345E-B3AD-5624C0A47227}</UniqueIdentifier>
    </Filter>
    <Filter Include="unit">
      <UniqueIdentifier>{A96CCA4E-5295-3165-8AA8-649D11012119}</UniqueIdentifier>
    </Filter>
    <Filter Include="tests">
      <UniqueIdentifier>{551E5BDA-5E8E-3329-AA02-45397F8E5D01}</UniqueIdentifier>
    </Filter>
  </ItemGroup>
</Project>
